
Microsoft Visual Studio Solution File, Format Version 12.00
# Visual Studio Version 17
VisualStudioVersion = 17.14.36908.2 d17.14
MinimumVisualStudioVersion = 10.0.40219.1
Project("{FAE04EC0-301F-11D3-BF4B-00C04F79EFBC}") = "SkillSwapApp", "SkillSwapApp\SkillSwapApp.csproj", "{2D442227-EC59-40FE-9EFF-0E6330DBCF45}"
EndProject
Global
	GlobalSection(SolutionConfigurationPlatforms) = preSolution
		Debug|Any CPU = Debug|Any CPU
		Release|Any CPU = Release|Any CPU
	EndGlobalSection
	GlobalSection(ProjectConfigurationPlatforms) = postSolution
		{2D442227-EC59-40FE-9EFF-0E6330DBCF45}.Debug|Any CPU.ActiveCfg = Debug|Any CPU
		{2D442227-EC59-40FE-9EFF-0E6330DBCF45}.Debug|Any CPU.Build.0 = Debug|Any CPU
		{2D442227-EC59-40FE-9EFF-0E6330DBCF45}.Release|Any CPU.ActiveCfg = Release|Any CPU
		{2D442227-EC59-40FE-9EFF-0E6330DBCF45}.Release|Any CPU.Build.0 = Release|Any CPU
	EndGlobalSection
	GlobalSection(SolutionProperties) = preSolution
		HideSolutionNode = FALSE
	EndGlobalSection
	GlobalSection(ExtensibilityGlobals) = postSolution
		SolutionGuid = {AF35919F-E34C-4A80-BC7F-052507108213}
	EndGlobalSection
EndGlobal
